
Microsoft Visual Studio Solution File, Format Version 12.00
# Visual Studio 2013
VisualStudioVersion = 12.0.30501.0
MinimumVisualStudioVersion = 10.0.40219.1
Project("{FAE04EC0-301F-11D3-BF4B-00C04F79EFBC}") = "AntiCE_Driver", "AntiCE_Driver\AntiCE_Driver.csproj", "{F53FA963-1DBA-42DD-A79D-C7DA03E578A7}"
EndProject
Project("{FAE04EC0-301F-11D3-BF4B-00C04F79EFBC}") = "AntiCEDriver", "AntiCEDriver\AntiCEDriver.csproj", "{3FEF6619-43B7-41B4-B673-F880B0F1A287}"
EndProject
Global
	GlobalSection(SolutionConfigurationPlatforms) = preSolution
		Debug|Any CPU = Debug|Any CPU
		Release|Any CPU = Release|Any CPU
	EndGlobalSection
	GlobalSection(ProjectConfigurationPlatforms) = postSolution
		{F53FA963-1DBA-42DD-A79D-C7DA03E578A7}.Debug|Any CPU.ActiveCfg = Debug|Any CPU
		{F53FA963-1DBA-42DD-A79D-C7DA03E578A7}.Debug|Any CPU.Build.0 = Debug|Any CPU
		{F53FA963-1DBA-42DD-A79D-C7DA03E578A7}.Release|Any CPU.ActiveCfg = Release|Any CPU
		{F53FA963-1DBA-42DD-A79D-C7DA03E578A7}.Release|Any CPU.Build.0 = Release|Any CPU
		{3FEF6619-43B7-41B4-B673-F880B0F1A287}.Debug|Any CPU.ActiveCfg = Debug|Any CPU
		{3FEF6619-43B7-41B4-B673-F880B0F1A287}.Debug|Any CPU.Build.0 = Debug|Any CPU
		{3FEF6619-43B7-41B4-B673-F880B0F1A287}.Release|Any CPU.ActiveCfg = Release|Any CPU
		{3FEF6619-43B7-41B4-B673-F880B0F1A287}.Release|Any CPU.Build.0 = Release|Any CPU
	EndGlobalSection
	GlobalSection(SolutionProperties) = preSolution
		HideSolutionNode = FALSE
	EndGlobalSection
EndGlobal
